
Microsoft Visual Studio Solution File, Format Version 12.00
# Visual Studio Version 16
VisualStudioVersion = 16.0.30611.23
MinimumVisualStudioVersion = 10.0.40219.1
Project("{FAE04EC0-301F-11D3-BF4B-00C04F79EFBC}") = "InfoTrack.Core", "InfoTrack.Core\InfoTrack.Core.csproj", "{E1BB7C50-08DD-4D69-A4F6-B2813B2D58BF}"
EndProject
Project("{FAE04EC0-301F-11D3-BF4B-00C04F79EFBC}") = "InfoTrack.CoreTests", "InfoTrack.CoreTests\InfoTrack.CoreTests.csproj", "{31CBE001-A418-454C-AFB2-C251ECDA264A}"
EndProject
Project("{FAE04EC0-301F-11D3-BF4B-00C04F79EFBC}") = "InfoTrack.Web", "InfoTrack.Web\InfoTrack.Web.csproj", "{BC2A04EB-F27C-4E07-A422-9A6E7C49C935}"
EndProject
Project("{FAE04EC0-301F-11D3-BF4B-00C04F79EFBC}") = "InfoTrack.Contracts", "InfoTrack.Contracts\InfoTrack.Contracts.csproj", "{72C230CA-C048-40F6-ACAD-C3167660032F}"
EndProject
Global
	GlobalSection(SolutionConfigurationPlatforms) = preSolution
		Debug|Any CPU = Debug|Any CPU
		Release|Any CPU = Release|Any CPU
	EndGlobalSection
	GlobalSection(ProjectConfigurationPlatforms) = postSolution
		{E1BB7C50-08DD-4D69-A4F6-B2813B2D58BF}.Debug|Any CPU.ActiveCfg = Debug|Any CPU
		{E1BB7C50-08DD-4D69-A4F6-B2813B2D58BF}.Debug|Any CPU.Build.0 = Debug|Any CPU
		{E1BB7C50-08DD-4D69-A4F6-B2813B2D58BF}.Release|Any CPU.ActiveCfg = Release|Any CPU
		{E1BB7C50-08DD-4D69-A4F6-B2813B2D58BF}.Release|Any CPU.Build.0 = Release|Any CPU
		{31CBE001-A418-454C-AFB2-C251ECDA264A}.Debug|Any CPU.ActiveCfg = Debug|Any CPU
		{31CBE001-A418-454C-AFB2-C251ECDA264A}.Debug|Any CPU.Build.0 = Debug|Any CPU
		{31CBE001-A418-454C-AFB2-C251ECDA264A}.Release|Any CPU.ActiveCfg = Release|Any CPU
		{31CBE001-A418-454C-AFB2-C251ECDA264A}.Release|Any CPU.Build.0 = Release|Any CPU
		{BC2A04EB-F27C-4E07-A422-9A6E7C49C935}.Debug|Any CPU.ActiveCfg = Debug|Any CPU
		{BC2A04EB-F27C-4E07-A422-9A6E7C49C935}.Debug|Any CPU.Build.0 = Debug|Any CPU
		{BC2A04EB-F27C-4E07-A422-9A6E7C49C935}.Release|Any CPU.ActiveCfg = Release|Any CPU
		{BC2A04EB-F27C-4E07-A422-9A6E7C49C935}.Release|Any CPU.Build.0 = Release|Any CPU
		{72C230CA-C048-40F6-ACAD-C3167660032F}.Debug|Any CPU.ActiveCfg = Debug|Any CPU
		{72C230CA-C048-40F6-ACAD-C3167660032F}.Debug|Any CPU.Build.0 = Debug|Any CPU
		{72C230CA-C048-40F6-ACAD-C3167660032F}.Release|Any CPU.ActiveCfg = Release|Any CPU
		{72C230CA-C048-40F6-ACAD-C3167660032F}.Release|Any CPU.Build.0 = Release|Any CPU
	EndGlobalSection
	GlobalSection(SolutionProperties) = preSolution
		HideSolutionNode = FALSE
	EndGlobalSection
	GlobalSection(ExtensibilityGlobals) = postSolution
		SolutionGuid = {8B4300E4-2817-4457-A786-55EEB8A5A817}
	EndGlobalSection
EndGlobal
